
Microsoft Visual Studio Solution File, Format Version 12.00
# Visual Studio Version 17
VisualStudioVersion = 17.4.33213.308
MinimumVisualStudioVersion = 10.0.40219.1
Project("{FAE04EC0-301F-11D3-BF4B-00C04F79EFBC}") = "hw_13.05_2", "hw_13.05_2.csproj", "{5DE9E127-EF50-4756-B0E3-ECD3D9A72FF0}"
EndProject
Global
	GlobalSection(SolutionConfigurationPlatforms) = preSolution
		Debug|Any CPU = Debug|Any CPU
		Release|Any CPU = Release|Any CPU
	EndGlobalSection
	GlobalSection(ProjectConfigurationPlatforms) = postSolution
		{5DE9E127-EF50-4756-B0E3-ECD3D9A72FF0}.Debug|Any CPU.ActiveCfg = Debug|Any CPU
		{5DE9E127-EF50-4756-B0E3-ECD3D9A72FF0}.Debug|Any CPU.Build.0 = Debug|Any CPU
		{5DE9E127-EF50-4756-B0E3-ECD3D9A72FF0}.Release|Any CPU.ActiveCfg = Release|Any CPU
		{5DE9E127-EF50-4756-B0E3-ECD3D9A72FF0}.Release|Any CPU.Build.0 = Release|Any CPU
	EndGlobalSection
	GlobalSection(SolutionProperties) = preSolution
		HideSolutionNode = FALSE
	EndGlobalSection
	GlobalSection(ExtensibilityGlobals) = postSolution
		SolutionGuid = {E1DB23FA-8297-4E6A-84FB-02D5788AFF05}
	EndGlobalSection
EndGlobal
